
Microsoft Visual Studio Solution File, Format Version 11.00
# Visual Studio 2010 

Project("{FAE04EC0-301F-11D3-BF4B-00C04F79EFBC}") = "_DemoClassLib", "_DemoClassLib\DemoClassLib.csproj", "{A6BD865D-FEC9-4F64-81D0-0A91866EE135}"
EndProject
Global
	GlobalSection(SolutionConfigurationPlatforms) = preSolution
		Debug|Any CPU = Debug|Any CPU
		Release|Any CPU = Release|Any CPU
	EndGlobalSection
	GlobalSection(ProjectConfigurationPlatforms) = postSolution
		{A6BD865D-FEC9-4F64-81D0-0A91866EE135}.Debug|Any CPU.ActiveCfg = Debug|Any CPU
		{A6BD865D-FEC9-4F64-81D0-0A91866EE135}.Debug|Any CPU.Build.0 = Debug|Any CPU
		{A6BD865D-FEC9-4F64-81D0-0A91866EE135}.Release|Any CPU.ActiveCfg = Release|Any CPU
		{A6BD865D-FEC9-4F64-81D0-0A91866EE135}.Release|Any CPU.Build.0 = Release|Any CPU
	EndGlobalSection
	GlobalSection(SolutionProperties) = preSolution
		HideSolutionNode = FALSE
	EndGlobalSection
EndGlobal
